
Microsoft Visual Studio Solution File, Format Version 11.00
# Visual Studio 2010
Project("{FAE04EC0-301F-11D3-BF4B-00C04F79EFBC}") = "GoogleMobileAds", "GoogleMobileAds.csproj", "{0cdac878-3233-0f0b-c921-ec06e16410da}"
EndProject
Project("{FAE04EC0-301F-11D3-BF4B-00C04F79EFBC}") = "Assembly-CSharp", "Assembly-CSharp.csproj", "{ad2e4eb2-8bb5-9d6c-d875-4c9a0ed5c901}"
EndProject
Project("{FAE04EC0-301F-11D3-BF4B-00C04F79EFBC}") = "GoogleMobileAds.Editor", "GoogleMobileAds.Editor.csproj", "{e0d3699b-61f8-bbe1-dd38-fd610e82be21}"
EndProject
Project("{FAE04EC0-301F-11D3-BF4B-00C04F79EFBC}") = "Assembly-CSharp-Editor", "Assembly-CSharp-Editor.csproj", "{fbcdf6eb-14a5-6e3d-5cba-92719ca2e5cf}"
EndProject
Global
	GlobalSection(SolutionConfigurationPlatforms) = preSolution
		Debug|Any CPU = Debug|Any CPU
	EndGlobalSection
	GlobalSection(ProjectConfigurationPlatforms) = postSolution
		{0cdac878-3233-0f0b-c921-ec06e16410da}.Debug|Any CPU.ActiveCfg = Debug|Any CPU
		{0cdac878-3233-0f0b-c921-ec06e16410da}.Debug|Any CPU.Build.0 = Debug|Any CPU
		{ad2e4eb2-8bb5-9d6c-d875-4c9a0ed5c901}.Debug|Any CPU.ActiveCfg = Debug|Any CPU
		{ad2e4eb2-8bb5-9d6c-d875-4c9a0ed5c901}.Debug|Any CPU.Build.0 = Debug|Any CPU
		{e0d3699b-61f8-bbe1-dd38-fd610e82be21}.Debug|Any CPU.ActiveCfg = Debug|Any CPU
		{e0d3699b-61f8-bbe1-dd38-fd610e82be21}.Debug|Any CPU.Build.0 = Debug|Any CPU
		{fbcdf6eb-14a5-6e3d-5cba-92719ca2e5cf}.Debug|Any CPU.ActiveCfg = Debug|Any CPU
		{fbcdf6eb-14a5-6e3d-5cba-92719ca2e5cf}.Debug|Any CPU.Build.0 = Debug|Any CPU
	EndGlobalSection
	GlobalSection(SolutionProperties) = preSolution
		HideSolutionNode = FALSE
	EndGlobalSection
EndGlobal
